
Microsoft Visual Studio Solution File, Format Version 12.00
# Visual Studio Version 16
VisualStudioVersion = 16.0.32428.217
MinimumVisualStudioVersion = 10.0.40219.1
Project("{FAE04EC0-301F-11D3-BF4B-00C04F79EFBC}") = "WebApplication3", "WebApplication3\WebApplication3.csproj", "{00727BB7-9DFE-4494-A149-4475C6099BC2}"
EndProject
Global
	GlobalSection(SolutionConfigurationPlatforms) = preSolution
		Debug|Any CPU = Debug|Any CPU
		Release|Any CPU = Release|Any CPU
	EndGlobalSection
	GlobalSection(ProjectConfigurationPlatforms) = postSolution
		{00727BB7-9DFE-4494-A149-4475C6099BC2}.Debug|Any CPU.ActiveCfg = Debug|Any CPU
		{00727BB7-9DFE-4494-A149-4475C6099BC2}.Debug|Any CPU.Build.0 = Debug|Any CPU
		{00727BB7-9DFE-4494-A149-4475C6099BC2}.Release|Any CPU.ActiveCfg = Release|Any CPU
		{00727BB7-9DFE-4494-A149-4475C6099BC2}.Release|Any CPU.Build.0 = Release|Any CPU
	EndGlobalSection
	GlobalSection(SolutionProperties) = preSolution
		HideSolutionNode = FALSE
	EndGlobalSection
	GlobalSection(ExtensibilityGlobals) = postSolution
		SolutionGuid = {B6313CCB-5990-460D-81E9-B8D5FE81AFF7}
	EndGlobalSection
EndGlobal
